
Microsoft Visual Studio Solution File, Format Version 12.00
# Visual Studio Version 17
VisualStudioVersion = 17.9.34616.47
MinimumVisualStudioVersion = 10.0.40219.1
Project("{FAE04EC0-301F-11D3-BF4B-00C04F79EFBC}") = "rehberProjesi_Dosya", "rehberProjesi_Dosya\rehberProjesi_Dosya.csproj", "{9E2799B7-CBA2-4BF2-986E-F5039E73F68D}"
EndProject
Global
	GlobalSection(SolutionConfigurationPlatforms) = preSolution
		Debug|Any CPU = Debug|Any CPU
		Release|Any CPU = Release|Any CPU
	EndGlobalSection
	GlobalSection(ProjectConfigurationPlatforms) = postSolution
		{9E2799B7-CBA2-4BF2-986E-F5039E73F68D}.Debug|Any CPU.ActiveCfg = Debug|Any CPU
		{9E2799B7-CBA2-4BF2-986E-F5039E73F68D}.Debug|Any CPU.Build.0 = Debug|Any CPU
		{9E2799B7-CBA2-4BF2-986E-F5039E73F68D}.Release|Any CPU.ActiveCfg = Release|Any CPU
		{9E2799B7-CBA2-4BF2-986E-F5039E73F68D}.Release|Any CPU.Build.0 = Release|Any CPU
	EndGlobalSection
	GlobalSection(SolutionProperties) = preSolution
		HideSolutionNode = FALSE
	EndGlobalSection
	GlobalSection(ExtensibilityGlobals) = postSolution
		SolutionGuid = {83781BDB-D765-4B0B-99AB-B7D3F695F9E8}
	EndGlobalSection
EndGlobal
